{
  "name": "npm",
  "lockfileVersion": 3,
  "requires": true,
  "packages": {
    "": {
      "dependencies": {
        "@fontsource/open-sans": "^5.1.1"
      }
    },
    "node_modules/@fontsource/open-sans": {
      "version": "5.1.1",
      "resolved": "https://registry.npmjs.org/@fontsource/open-sans/-/open-sans-5.1.1.tgz",
      "integrity": "sha512-Wfio5om0XH24ZUu6FfW4r50e4xLdoLzvd8midtqUFT2unniyWQj6GJ05RW1YQsHp4Sug3i+agFBIxEmYQzUHSg=="
    }
  }
}
